
Microsoft Visual Studio Solution File, Format Version 12.00
# Visual Studio Version 16
VisualStudioVersion = 16.0.29920.165
MinimumVisualStudioVersion = 10.0.40219.1
Project("{FAE04EC0-301F-11D3-BF4B-00C04F79EFBC}") = "OOP_CourseWork_Chess", "OOP_CourseWork_Chess\OOP_CourseWork_Chess.csproj", "{B90481F2-89A2-45AA-B1B9-7ABA664F52EA}"
EndProject
Global
	GlobalSection(SolutionConfigurationPlatforms) = preSolution
		Debug|Any CPU = Debug|Any CPU
		Release|Any CPU = Release|Any CPU
	EndGlobalSection
	GlobalSection(ProjectConfigurationPlatforms) = postSolution
		{B90481F2-89A2-45AA-B1B9-7ABA664F52EA}.Debug|Any CPU.ActiveCfg = Debug|Any CPU
		{B90481F2-89A2-45AA-B1B9-7ABA664F52EA}.Debug|Any CPU.Build.0 = Debug|Any CPU
		{B90481F2-89A2-45AA-B1B9-7ABA664F52EA}.Release|Any CPU.ActiveCfg = Release|Any CPU
		{B90481F2-89A2-45AA-B1B9-7ABA664F52EA}.Release|Any CPU.Build.0 = Release|Any CPU
	EndGlobalSection
	GlobalSection(SolutionProperties) = preSolution
		HideSolutionNode = FALSE
	EndGlobalSection
	GlobalSection(ExtensibilityGlobals) = postSolution
		SolutionGuid = {B5272125-224E-47C5-8FDB-A89A4A63C4C2}
	EndGlobalSection
EndGlobal
